
Microsoft Visual Studio Solution File, Format Version 12.00
# Visual Studio Version 16
VisualStudioVersion = 16.0.29709.97
MinimumVisualStudioVersion = 10.0.40219.1
Project("{9A19103F-16F7-4668-BE54-9A1E7A4F7556}") = "Lektion4HoldBØvelser1-3", "Lektion4HoldBØvelser1-3\Lektion4HoldBØvelser1-3.csproj", "{44B3954A-E482-4DB5-AEEB-118DB0566041}"
EndProject
Project("{FAE04EC0-301F-11D3-BF4B-00C04F79EFBC}") = "Øvelse4", "Øvelse4\Øvelse4.csproj", "{FBDBAB86-9413-4867-9853-914B5341FF72}"
EndProject
Project("{FAE04EC0-301F-11D3-BF4B-00C04F79EFBC}") = "Øvelse5", "Øvelse5\Øvelse5.csproj", "{A22B3EF0-2665-4C25-9973-58C7DB730749}"
EndProject
Global
	GlobalSection(SolutionConfigurationPlatforms) = preSolution
		Debug|Any CPU = Debug|Any CPU
		Release|Any CPU = Release|Any CPU
	EndGlobalSection
	GlobalSection(ProjectConfigurationPlatforms) = postSolution
		{44B3954A-E482-4DB5-AEEB-118DB0566041}.Debug|Any CPU.ActiveCfg = Debug|Any CPU
		{44B3954A-E482-4DB5-AEEB-118DB0566041}.Debug|Any CPU.Build.0 = Debug|Any CPU
		{44B3954A-E482-4DB5-AEEB-118DB0566041}.Release|Any CPU.ActiveCfg = Release|Any CPU
		{44B3954A-E482-4DB5-AEEB-118DB0566041}.Release|Any CPU.Build.0 = Release|Any CPU
		{FBDBAB86-9413-4867-9853-914B5341FF72}.Debug|Any CPU.ActiveCfg = Debug|Any CPU
		{FBDBAB86-9413-4867-9853-914B5341FF72}.Debug|Any CPU.Build.0 = Debug|Any CPU
		{FBDBAB86-9413-4867-9853-914B5341FF72}.Release|Any CPU.ActiveCfg = Release|Any CPU
		{FBDBAB86-9413-4867-9853-914B5341FF72}.Release|Any CPU.Build.0 = Release|Any CPU
		{A22B3EF0-2665-4C25-9973-58C7DB730749}.Debug|Any CPU.ActiveCfg = Debug|Any CPU
		{A22B3EF0-2665-4C25-9973-58C7DB730749}.Debug|Any CPU.Build.0 = Debug|Any CPU
		{A22B3EF0-2665-4C25-9973-58C7DB730749}.Release|Any CPU.ActiveCfg = Release|Any CPU
		{A22B3EF0-2665-4C25-9973-58C7DB730749}.Release|Any CPU.Build.0 = Release|Any CPU
	EndGlobalSection
	GlobalSection(SolutionProperties) = preSolution
		HideSolutionNode = FALSE
	EndGlobalSection
	GlobalSection(ExtensibilityGlobals) = postSolution
		SolutionGuid = {44FABEBD-46E3-4920-AA17-75458ECB2F70}
	EndGlobalSection
EndGlobal
