
Microsoft Visual Studio Solution File, Format Version 12.00
# Visual Studio Version 16
VisualStudioVersion = 16.0.29709.97
MinimumVisualStudioVersion = 10.0.40219.1
Project("{FAE04EC0-301F-11D3-BF4B-00C04F79EFBC}") = "Øvelse1", "Øvelse1\Øvelse1.csproj", "{B7C7B757-09B9-43EB-AEC4-FEC396C52B36}"
EndProject
Project("{FAE04EC0-301F-11D3-BF4B-00C04F79EFBC}") = "Øvelse2", "Øvelse2\Øvelse2.csproj", "{C5F397EA-6443-4134-9EF2-AF56FC1C3158}"
EndProject
Project("{FAE04EC0-301F-11D3-BF4B-00C04F79EFBC}") = "Øvelse3", "Øvelse3\Øvelse3.csproj", "{C8AD8119-3D0F-4867-B822-47443749286A}"
EndProject
Project("{FAE04EC0-301F-11D3-BF4B-00C04F79EFBC}") = "Øvelse8", "Øvelse8\Øvelse8.csproj", "{8B2F4EA8-01CC-46D9-A963-E4294EF5761F}"
EndProject
Global
	GlobalSection(SolutionConfigurationPlatforms) = preSolution
		Debug|Any CPU = Debug|Any CPU
		Release|Any CPU = Release|Any CPU
	EndGlobalSection
	GlobalSection(ProjectConfigurationPlatforms) = postSolution
		{B7C7B757-09B9-43EB-AEC4-FEC396C52B36}.Debug|Any CPU.ActiveCfg = Debug|Any CPU
		{B7C7B757-09B9-43EB-AEC4-FEC396C52B36}.Debug|Any CPU.Build.0 = Debug|Any CPU
		{B7C7B757-09B9-43EB-AEC4-FEC396C52B36}.Release|Any CPU.ActiveCfg = Release|Any CPU
		{B7C7B757-09B9-43EB-AEC4-FEC396C52B36}.Release|Any CPU.Build.0 = Release|Any CPU
		{C5F397EA-6443-4134-9EF2-AF56FC1C3158}.Debug|Any CPU.ActiveCfg = Debug|Any CPU
		{C5F397EA-6443-4134-9EF2-AF56FC1C3158}.Debug|Any CPU.Build.0 = Debug|Any CPU
		{C5F397EA-6443-4134-9EF2-AF56FC1C3158}.Release|Any CPU.ActiveCfg = Release|Any CPU
		{C5F397EA-6443-4134-9EF2-AF56FC1C3158}.Release|Any CPU.Build.0 = Release|Any CPU
		{C8AD8119-3D0F-4867-B822-47443749286A}.Debug|Any CPU.ActiveCfg = Debug|Any CPU
		{C8AD8119-3D0F-4867-B822-47443749286A}.Debug|Any CPU.Build.0 = Debug|Any CPU
		{C8AD8119-3D0F-4867-B822-47443749286A}.Release|Any CPU.ActiveCfg = Release|Any CPU
		{C8AD8119-3D0F-4867-B822-47443749286A}.Release|Any CPU.Build.0 = Release|Any CPU
		{8B2F4EA8-01CC-46D9-A963-E4294EF5761F}.Debug|Any CPU.ActiveCfg = Debug|Any CPU
		{8B2F4EA8-01CC-46D9-A963-E4294EF5761F}.Debug|Any CPU.Build.0 = Debug|Any CPU
		{8B2F4EA8-01CC-46D9-A963-E4294EF5761F}.Release|Any CPU.ActiveCfg = Release|Any CPU
		{8B2F4EA8-01CC-46D9-A963-E4294EF5761F}.Release|Any CPU.Build.0 = Release|Any CPU
	EndGlobalSection
	GlobalSection(SolutionProperties) = preSolution
		HideSolutionNode = FALSE
	EndGlobalSection
	GlobalSection(ExtensibilityGlobals) = postSolution
		SolutionGuid = {26CD5DE4-3202-4332-A3A0-D342C88D569B}
	EndGlobalSection
EndGlobal
